{
  "name": "tslint-config-clearpeaks",
  "version": "1.0.2",
  "lockfileVersion": 1,
  "requires": true,
  "dependencies": {
    "@fimbul/bifrost": {
      "version": "0.6.0",
      "resolved": "https://registry.npmjs.org/@fimbul/bifrost/-/bifrost-0.6.0.tgz",
      "integrity": "sha512-BJ19rjnFFCeopEhbyK2Chg3Tq+o5xkjd6dtKxmFhfjwLH1Il2G7Ha4Jel2hpbyZL2Fh9/vrM9U0bpkANAL3pjA==",
      "requires": {
        "@fimbul/ymir": "0.6.0",
        "get-caller-file": "1.0.2",
        "tslib": "1.9.0"
      }
    },
    "@fimbul/ymir": {
      "version": "0.6.0",
      "resolved": "https://registry.npmjs.org/@fimbul/ymir/-/ymir-0.6.0.tgz",
      "integrity": "sha512-iyh/8OiZlzjlPytdjdodA86d38YtRL0sSAx169SMgqP4dsouH2rtctf4Nrg4FYvWoG0e9y9XT3iWL+mjTgYNRw==",
      "requires": {
        "inversify": "4.11.1",
        "reflect-metadata": "0.1.12",
        "tslib": "1.9.0"
      }
    },
    "ci-info": {
      "version": "1.1.3",
      "resolved": "https://registry.npmjs.org/ci-info/-/ci-info-1.1.3.tgz",
      "integrity": "sha512-SK/846h/Rcy8q9Z9CAwGBLfCJ6EkjJWdpelWDufQpqVDYq2Wnnv8zlSO6AMQap02jvhVruKKpEtQOufo3pFhLg=="
    },
    "doctrine": {
      "version": "0.7.2",
      "resolved": "https://registry.npmjs.org/doctrine/-/doctrine-0.7.2.tgz",
      "integrity": "sha1-fLhgNZujvpDgQLJrcpzkv6ZUxSM=",
      "requires": {
        "esutils": "1.1.6",
        "isarray": "0.0.1"
      }
    },
    "esutils": {
      "version": "1.1.6",
      "resolved": "https://registry.npmjs.org/esutils/-/esutils-1.1.6.tgz",
      "integrity": "sha1-wBzKqa5LiXxtDD4hCuUvPHqEQ3U="
    },
    "get-caller-file": {
      "version": "1.0.2",
      "resolved": "https://registry.npmjs.org/get-caller-file/-/get-caller-file-1.0.2.tgz",
      "integrity": "sha1-9wLmMSfn4jHBYKgMFVSstw1QR+U="
    },
    "husky": {
      "version": "0.14.3",
      "resolved": "https://registry.npmjs.org/husky/-/husky-0.14.3.tgz",
      "integrity": "sha512-e21wivqHpstpoiWA/Yi8eFti8E+sQDSS53cpJsPptPs295QTOQR0ZwnHo2TXy1XOpZFD9rPOd3NpmqTK6uMLJA==",
      "requires": {
        "is-ci": "1.1.0",
        "normalize-path": "1.0.0",
        "strip-indent": "2.0.0"
      }
    },
    "inversify": {
      "version": "4.11.1",
      "resolved": "https://registry.npmjs.org/inversify/-/inversify-4.11.1.tgz",
      "integrity": "sha512-9bs/36crPdTSOCcoomHMb96s+B8W0+2c9dHFP/Srv9ZQaPnUvsMgzmMHfgVECqfHVUIW+M5S7SYOjoig8khWuQ=="
    },
    "is-ci": {
      "version": "1.1.0",
      "resolved": "https://registry.npmjs.org/is-ci/-/is-ci-1.1.0.tgz",
      "integrity": "sha512-c7TnwxLePuqIlxHgr7xtxzycJPegNHFuIrBkwbf8hc58//+Op1CqFkyS+xnIMkwn9UsJIwc174BIjkyBmSpjKg==",
      "requires": {
        "ci-info": "1.1.3"
      }
    },
    "isarray": {
      "version": "0.0.1",
      "resolved": "https://registry.npmjs.org/isarray/-/isarray-0.0.1.tgz",
      "integrity": "sha1-ihis/Kmo9Bd+Cav8YDiTmwXR7t8="
    },
    "normalize-path": {
      "version": "1.0.0",
      "resolved": "https://registry.npmjs.org/normalize-path/-/normalize-path-1.0.0.tgz",
      "integrity": "sha1-MtDkcvkf80VwHBWoMRAY07CpA3k="
    },
    "reflect-metadata": {
      "version": "0.1.12",
      "resolved": "https://registry.npmjs.org/reflect-metadata/-/reflect-metadata-0.1.12.tgz",
      "integrity": "sha512-n+IyV+nGz3+0q3/Yf1ra12KpCyi001bi4XFxSjbiWWjfqb52iTTtpGXmCCAOWWIAn9KEuFZKGqBERHmrtScZ3A=="
    },
    "strip-indent": {
      "version": "2.0.0",
      "resolved": "https://registry.npmjs.org/strip-indent/-/strip-indent-2.0.0.tgz",
      "integrity": "sha1-XvjbKV0B5u1sv3qrlpmNeCJSe2g="
    },
    "tslib": {
      "version": "1.9.0",
      "resolved": "https://registry.npmjs.org/tslib/-/tslib-1.9.0.tgz",
      "integrity": "sha512-f/qGG2tUkrISBlQZEjEqoZ3B2+npJjIf04H1wuAv9iA8i04Icp+61KRXxFdha22670NJopsZCIjhC3SnjPRKrQ=="
    },
    "tslint-consistent-codestyle": {
      "version": "1.13.0",
      "resolved": "https://registry.npmjs.org/tslint-consistent-codestyle/-/tslint-consistent-codestyle-1.13.0.tgz",
      "integrity": "sha512-7fcstphFz9Rw2+SAe32VjtnQEHYEQVSGgEOea9hN/8JMJQGpGkxvVbqxhsXew9vkRtvPQuoj1pQoZ5Eadp4B6A==",
      "requires": {
        "@fimbul/bifrost": "0.6.0",
        "tslib": "1.9.0",
        "tsutils": "2.26.1"
      }
    },
    "tslint-eslint-rules": {
      "version": "5.1.0",
      "resolved": "https://registry.npmjs.org/tslint-eslint-rules/-/tslint-eslint-rules-5.1.0.tgz",
      "integrity": "sha512-lNIaLDymwts58SmocvVxzY9DSDONwZhHMt8T0J4uFMQV4jgYMMAFa89oBhNl87WIoXO+h+H6uU8f41mM0wyIqw==",
      "requires": {
        "doctrine": "0.7.2",
        "tslib": "1.9.0",
        "tsutils": "2.8.0"
      },
      "dependencies": {
        "tsutils": {
          "version": "2.8.0",
          "resolved": "https://registry.npmjs.org/tsutils/-/tsutils-2.8.0.tgz",
          "integrity": "sha1-AWAXNymzvxOGKN0UoVN+AIUdgUo=",
          "requires": {
            "tslib": "1.9.0"
          }
        }
      }
    },
    "tslint-microsoft-contrib": {
      "version": "5.0.3",
      "resolved": "https://registry.npmjs.org/tslint-microsoft-contrib/-/tslint-microsoft-contrib-5.0.3.tgz",
      "integrity": "sha512-5AnfTGlfpUzpRHLmoojPBKFTTmbjnwgdaTHMdllausa4GBPya5u36i9ddrTX4PhetGZvd4JUYIpAmgHqVnsctg==",
      "requires": {
        "tsutils": "2.26.1"
      }
    },
    "tsutils": {
      "version": "2.26.1",
      "resolved": "https://registry.npmjs.org/tsutils/-/tsutils-2.26.1.tgz",
      "integrity": "sha512-bnm9bcjOqOr1UljleL94wVCDlpa6KjfGaTkefeLch4GRafgDkROxPizbB/FxTEdI++5JqhxczRy/Qub0syNqZA==",
      "requires": {
        "tslib": "1.9.0"
      }
    }
  }
}
